
Microsoft Visual Studio Solution File, Format Version 11.00
# Visual Studio 2010
Project("{FAE04EC0-301F-11D3-BF4B-00C04F79EFBC}") = "Assembly-CSharp", "Assembly-CSharp.csproj", "{FFD6FECB-C12C-7046-932B-A3E51D6B8AAB}"
EndProject
Global
	GlobalSection(SolutionConfigurationPlatforms) = preSolution
		Debug|Any CPU = Debug|Any CPU
		Release|Any CPU = Release|Any CPU
	EndGlobalSection
	GlobalSection(ProjectConfigurationPlatforms) = postSolution
		{FFD6FECB-C12C-7046-932B-A3E51D6B8AAB}.Debug|Any CPU.ActiveCfg = Debug|Any CPU
		{FFD6FECB-C12C-7046-932B-A3E51D6B8AAB}.Debug|Any CPU.Build.0 = Debug|Any CPU
		{FFD6FECB-C12C-7046-932B-A3E51D6B8AAB}.Release|Any CPU.ActiveCfg = Release|Any CPU
		{FFD6FECB-C12C-7046-932B-A3E51D6B8AAB}.Release|Any CPU.Build.0 = Release|Any CPU
	EndGlobalSection
	GlobalSection(SolutionProperties) = preSolution
		HideSolutionNode = FALSE
	EndGlobalSection
	GlobalSection(MonoDevelopProperties) = preSolution
		StartupItem = Assembly-CSharp.csproj
	EndGlobalSection
EndGlobal
